lockfileVersion: '9.0'

settings:
  autoInstallPeers: true
  excludeLinksFromLockfile: false

importers:

  .:
    devDependencies:
      '@codemod.com/jssg-types':
        specifier: ^1.3.0
        version: 1.3.2
      typescript:
        specifier: ^5.8.3
        version: 5.9.3

packages:

  '@codemod.com/jssg-types@1.3.2':
    resolution: {integrity: sha512-nE4GfqKHW0YatzRfDMOHaj4qxV6PEk7mwNgvkHtvvktLMQ289hSRbeReTa4BuSs5tDp49MFLOceX7vkXvyMnMg==}

  typescript@5.9.3:
    resolution: {integrity: sha512-jl1vZzPDinLr9eUt3J/t7V6FgNEw9QjvBPdysz9KfQDD41fQrC2Y4vKQdiaUpFT4bXlb1RHhLpp8wtm6M5TgSw==}
    engines: {node: '>=14.17'}
    hasBin: true

snapshots:

  '@codemod.com/jssg-types@1.3.2': {}

  typescript@5.9.3: {}
